
Microsoft Visual Studio Solution File, Format Version 12.00
# Visual Studio Version 16
VisualStudioVersion = 16.0.30503.244
MinimumVisualStudioVersion = 10.0.40219.1
Project("{FAE04EC0-301F-11D3-BF4B-00C04F79EFBC}") = "Triangle", "Triangle.csproj", "{B54348D1-442E-40CB-8379-1FECF5FCC4E2}"
EndProject
Global
	GlobalSection(SolutionConfigurationPlatforms) = preSolution
		Debug|Any CPU = Debug|Any CPU
		Release|Any CPU = Release|Any CPU
	EndGlobalSection
	GlobalSection(ProjectConfigurationPlatforms) = postSolution
		{B54348D1-442E-40CB-8379-1FECF5FCC4E2}.Debug|Any CPU.ActiveCfg = Debug|Any CPU
		{B54348D1-442E-40CB-8379-1FECF5FCC4E2}.Debug|Any CPU.Build.0 = Debug|Any CPU
		{B54348D1-442E-40CB-8379-1FECF5FCC4E2}.Release|Any CPU.ActiveCfg = Release|Any CPU
		{B54348D1-442E-40CB-8379-1FECF5FCC4E2}.Release|Any CPU.Build.0 = Release|Any CPU
	EndGlobalSection
	GlobalSection(SolutionProperties) = preSolution
		HideSolutionNode = FALSE
	EndGlobalSection
	GlobalSection(ExtensibilityGlobals) = postSolution
		SolutionGuid = {379B8C51-1088-42DE-A0AE-AF6677D15854}
	EndGlobalSection
EndGlobal
